// !$*UTF8*$!
{
	archiveVersion = 1;
	classes = {
	};
	objectVersion = 50;
	objects = {

/* Begin PBXBuildFile section */
		6333E7442092C02B00CEC3B7 /* Color.swift in Sources */ = {isa = PBXBuildFile; fileRef = 6333E7432092C02B00CEC3B7 /* Color.swift */; };
		6333E7462092C18E00CEC3B7 /* String.swift in Sources */ = {isa = PBXBuildFile; fileRef = 6333E7452092C18E00CEC3B7 /* String.swift */; };
		6333E7492092C5EF00CEC3B7 /* SetUpApp.swift in Sources */ = {isa = PBXBuildFile; fileRef = 6333E7482092C5EF00CEC3B7 /* SetUpApp.swift */; };
		6333E74B2092D23200CEC3B7 /* UITextField.swift in Sources */ = {isa = PBXBuildFile; fileRef = 6333E74A2092D23200CEC3B7 /* UITextField.swift */; };
		6333E74D2092EB1300CEC3B7 /* UIButton.swift in Sources */ = {isa = PBXBuildFile; fileRef = 6333E74C2092EB1300CEC3B7 /* UIButton.swift */; };
		6333E74F2093010C00CEC3B7 /* UIFont.swift in Sources */ = {isa = PBXBuildFile; fileRef = 6333E74E2093010C00CEC3B7 /* UIFont.swift */; };
		6333E75120930C3300CEC3B7 /* UILabel.swift in Sources */ = {isa = PBXBuildFile; fileRef = 6333E75020930C3300CEC3B7 /* UILabel.swift */; };
		63388BFC20C6392A006713AA /* NSObject.swift in Sources */ = {isa = PBXBuildFile; fileRef = 63388BFB20C6392A006713AA /* NSObject.swift */; };
		63388BFF20C666B7006713AA /* LoginServer.swift in Sources */ = {isa = PBXBuildFile; fileRef = 63388BFE20C666B7006713AA /* LoginServer.swift */; };
		6341DB332094183500AC267D /* StoreModel.swift in Sources */ = {isa = PBXBuildFile; fileRef = 6341DB322094183500AC267D /* StoreModel.swift */; };
		6341DB3620941FB400AC267D /* LoginAndRegister.swift in Sources */ = {isa = PBXBuildFile; fileRef = 6341DB3520941FB400AC267D /* LoginAndRegister.swift */; };
		6341DB3820944E8A00AC267D /* UIView.swift in Sources */ = {isa = PBXBuildFile; fileRef = 6341DB3720944E8A00AC267D /* UIView.swift */; };
		6341DB3B20945FAD00AC267D /* ViewModelType.swift in Sources */ = {isa = PBXBuildFile; fileRef = 6341DB3A20945FAD00AC267D /* ViewModelType.swift */; };
		6341DB3E2094602300AC267D /* LoginViewModel.swift in Sources */ = {isa = PBXBuildFile; fileRef = 6341DB3D2094602300AC267D /* LoginViewModel.swift */; };
		6341DB41209460E900AC267D /* PHProgressHUD.swift in Sources */ = {isa = PBXBuildFile; fileRef = 6341DB40209460E900AC267D /* PHProgressHUD.swift */; };
		63FBEE392091746B00BE6B81 /* AppDelegate.swift in Sources */ = {isa = PBXBuildFile; fileRef = 63FBEE382091746B00BE6B81 /* AppDelegate.swift */; };
		63FBEE3E2091746C00BE6B81 /* Main.storyboard in Resources */ = {isa = PBXBuildFile; fileRef = 63FBEE3C2091746C00BE6B81 /* Main.storyboard */; };
		63FBEE412091746C00BE6B81 /* DDJDStoreSwift.xcdatamodeld in Sources */ = {isa = PBXBuildFile; fileRef = 63FBEE3F2091746C00BE6B81 /* DDJDStoreSwift.xcdatamodeld */; };
		63FBEE432091746F00BE6B81 /* Assets.xcassets in Resources */ = {isa = PBXBuildFile; fileRef = 63FBEE422091746F00BE6B81 /* Assets.xcassets */; };
		63FBEE462091746F00BE6B81 /* LaunchScreen.storyboard in Resources */ = {isa = PBXBuildFile; fileRef = 63FBEE442091746F00BE6B81 /* LaunchScreen.storyboard */; };
		63FBEE512091746F00BE6B81 /* DDJDStoreSwiftTests.swift in Sources */ = {isa = PBXBuildFile; fileRef = 63FBEE502091746F00BE6B81 /* DDJDStoreSwiftTests.swift */; };
		63FBEE5C2091746F00BE6B81 /* DDJDStoreSwiftUITests.swift in Sources */ = {isa = PBXBuildFile; fileRef = 63FBEE5B2091746F00BE6B81 /* DDJDStoreSwiftUITests.swift */; };
		63FBEE6E209178CC00BE6B81 /* PHRequest.swift in Sources */ = {isa = PBXBuildFile; fileRef = 63FBEE6D209178CC00BE6B81 /* PHRequest.swift */; };
		63FBEE712091A35900BE6B81 /* PublicAPPRelated.swift in Sources */ = {isa = PBXBuildFile; fileRef = 63FBEE702091A35900BE6B81 /* PublicAPPRelated.swift */; };
		63FBEE752091AAFA00BE6B81 /* LoginController.swift in Sources */ = {isa = PBXBuildFile; fileRef = 63FBEE742091AAFA00BE6B81 /* LoginController.swift */; };
		63FBEE782091AB5A00BE6B81 /* BaseViewController.swift in Sources */ = {isa = PBXBuildFile; fileRef = 63FBEE772091AB5A00BE6B81 /* BaseViewController.swift */; };
		76CBF673A3FB8C81D82D8270 /* Pods_DDJDStoreSwift.framework in Frameworks */ = {isa = PBXBuildFile; fileRef = BF7492EEEFB038440091AD75 /* Pods_DDJDStoreSwift.framework */; };
/* End PBXBuildFile section */

/* Begin PBXContainerItemProxy section */
		63FBEE4D2091746F00BE6B81 /* PBXContainerItemProxy */ = {
			isa = PBXContainerItemProxy;
			containerPortal = 63FBEE2D2091746B00BE6B81 /* Project object */;
			proxyType = 1;
			remoteGlobalIDString = 63FBEE342091746B00BE6B81;
			remoteInfo = DDJDStoreSwift;
		};
		63FBEE582091746F00BE6B81 /* PBXContainerItemProxy */ = {
			isa = PBXContainerItemProxy;
			containerPortal = 63FBEE2D2091746B00BE6B81 /* Project object */;
			proxyType = 1;
			remoteGlobalIDString = 63FBEE342091746B00BE6B81;
			remoteInfo = DDJDStoreSwift;
		};
/* End PBXContainerItemProxy section */

/* Begin PBXFileReference section */
		06D06206B3D20328945610B0 /* Pods-DDJDStoreSwift.debug.xcconfig */ = {isa = PBXFileReference; includeInIndex = 1; lastKnownFileType = text.xcconfig; name = "Pods-DDJDStoreSwift.debug.xcconfig"; path = "Pods/Target Support Files/Pods-DDJDStoreSwift/Pods-DDJDStoreSwift.debug.xcconfig"; sourceTree = "<group>"; };
		0864E71D7B92CB100FA623EE /* Pods-DDJDStoreSwift.release.xcconfig */ = {isa = PBXFileReference; includeInIndex = 1; lastKnownFileType = text.xcconfig; name = "Pods-DDJDStoreSwift.release.xcconfig"; path = "Pods/Target Support Files/Pods-DDJDStoreSwift/Pods-DDJDStoreSwift.release.xcconfig"; sourceTree = "<group>"; };
		6333E7432092C02B00CEC3B7 /* Color.swift */ = {isa = PBXFileReference; lastKnownFileType = sourcecode.swift; path = Color.swift; sourceTree = "<group>"; };
		6333E7452092C18E00CEC3B7 /* String.swift */ = {isa = PBXFileReference; lastKnownFileType = sourcecode.swift; path = String.swift; sourceTree = "<group>"; };
		6333E7482092C5EF00CEC3B7 /* SetUpApp.swift */ = {isa = PBXFileReference; lastKnownFileType = sourcecode.swift; path = SetUpApp.swift; sourceTree = "<group>"; };
		6333E74A2092D23200CEC3B7 /* UITextField.swift */ = {isa = PBXFileReference; lastKnownFileType = sourcecode.swift; path = UITextField.swift; sourceTree = "<group>"; };
		6333E74C2092EB1300CEC3B7 /* UIButton.swift */ = {isa = PBXFileReference; lastKnownFileType = sourcecode.swift; path = UIButton.swift; sourceTree = "<group>"; };
		6333E74E2093010C00CEC3B7 /* UIFont.swift */ = {isa = PBXFileReference; lastKnownFileType = sourcecode.swift; path = UIFont.swift; sourceTree = "<group>"; };
		6333E75020930C3300CEC3B7 /* UILabel.swift */ = {isa = PBXFileReference; lastKnownFileType = sourcecode.swift; path = UILabel.swift; sourceTree = "<group>"; };
		63388BFB20C6392A006713AA /* NSObject.swift */ = {isa = PBXFileReference; lastKnownFileType = sourcecode.swift; path = NSObject.swift; sourceTree = "<group>"; };
		63388BFE20C666B7006713AA /* LoginServer.swift */ = {isa = PBXFileReference; lastKnownFileType = sourcecode.swift; path = LoginServer.swift; sourceTree = "<group>"; };
		6341DB322094183500AC267D /* StoreModel.swift */ = {isa = PBXFileReference; lastKnownFileType = sourcecode.swift; path = StoreModel.swift; sourceTree = "<group>"; };
		6341DB3520941FB400AC267D /* LoginAndRegister.swift */ = {isa = PBXFileReference; lastKnownFileType = sourcecode.swift; path = LoginAndRegister.swift; sourceTree = "<group>"; };
		6341DB3720944E8A00AC267D /* UIView.swift */ = {isa = PBXFileReference; lastKnownFileType = sourcecode.swift; path = UIView.swift; sourceTree = "<group>"; };
		6341DB3A20945FAD00AC267D /* ViewModelType.swift */ = {isa = PBXFileReference; lastKnownFileType = sourcecode.swift; path = ViewModelType.swift; sourceTree = "<group>"; };
		6341DB3D2094602300AC267D /* LoginViewModel.swift */ = {isa = PBXFileReference; lastKnownFileType = sourcecode.swift; path = LoginViewModel.swift; sourceTree = "<group>"; };
		6341DB40209460E900AC267D /* PHProgressHUD.swift */ = {isa = PBXFileReference; lastKnownFileType = sourcecode.swift; path = PHProgressHUD.swift; sourceTree = "<group>"; };
		63FBEE352091746B00BE6B81 /* DDJDStoreSwift.app */ = {isa = PBXFileReference; explicitFileType = wrapper.application; includeInIndex = 0; path = DDJDStoreSwift.app; sourceTree = BUILT_PRODUCTS_DIR; };
		63FBEE382091746B00BE6B81 /* AppDelegate.swift */ = {isa = PBXFileReference; lastKnownFileType = sourcecode.swift; path = AppDelegate.swift; sourceTree = "<group>"; };
		63FBEE3D2091746C00BE6B81 /* Base */ = {isa = PBXFileReference; lastKnownFileType = file.storyboard; name = Base; path = Base.lproj/Main.storyboard; sourceTree = "<group>"; };
		63FBEE402091746C00BE6B81 /* DDJDStoreSwift.xcdatamodel */ = {isa = PBXFileReference; lastKnownFileType = wrapper.xcdatamodel; path = DDJDStoreSwift.xcdatamodel; sourceTree = "<group>"; };
		63FBEE422091746F00BE6B81 /* Assets.xcassets */ = {isa = PBXFileReference; lastKnownFileType = folder.assetcatalog; path = Assets.xcassets; sourceTree = "<group>"; };
		63FBEE452091746F00BE6B81 /* Base */ = {isa = PBXFileReference; lastKnownFileType = file.storyboard; name = Base; path = Base.lproj/LaunchScreen.storyboard; sourceTree = "<group>"; };
		63FBEE472091746F00BE6B81 /* Info.plist */ = {isa = PBXFileReference; lastKnownFileType = text.plist.xml; path = Info.plist; sourceTree = "<group>"; };
		63FBEE4C2091746F00BE6B81 /* DDJDStoreSwiftTests.xctest */ = {isa = PBXFileReference; explicitFileType = wrapper.cfbundle; includeInIndex = 0; path = DDJDStoreSwiftTests.xctest; sourceTree = BUILT_PRODUCTS_DIR; };
		63FBEE502091746F00BE6B81 /* DDJDStoreSwiftTests.swift */ = {isa = PBXFileReference; lastKnownFileType = sourcecode.swift; path = DDJDStoreSwiftTests.swift; sourceTree = "<group>"; };
		63FBEE522091746F00BE6B81 /* Info.plist */ = {isa = PBXFileReference; lastKnownFileType = text.plist.xml; path = Info.plist; sourceTree = "<group>"; };
		63FBEE572091746F00BE6B81 /* DDJDStoreSwiftUITests.xctest */ = {isa = PBXFileReference; explicitFileType = wrapper.cfbundle; includeInIndex = 0; path = DDJDStoreSwiftUITests.xctest; sourceTree = BUILT_PRODUCTS_DIR; };
		63FBEE5B2091746F00BE6B81 /* DDJDStoreSwiftUITests.swift */ = {isa = PBXFileReference; lastKnownFileType = sourcecode.swift; path = DDJDStoreSwiftUITests.swift; sourceTree = "<group>"; };
		63FBEE5D2091747000BE6B81 /* Info.plist */ = {isa = PBXFileReference; lastKnownFileType = text.plist.xml; path = Info.plist; sourceTree = "<group>"; };
		63FBEE69209174F000BE6B81 /* DDJDStoreSwift-Bridging-Header.h */ = {isa = PBXFileReference; lastKnownFileType = sourcecode.c.h; path = "DDJDStoreSwift-Bridging-Header.h"; sourceTree = "<group>"; };
		63FBEE6D209178CC00BE6B81 /* PHRequest.swift */ = {isa = PBXFileReference; lastKnownFileType = sourcecode.swift; path = PHRequest.swift; sourceTree = "<group>"; };
		63FBEE702091A35900BE6B81 /* PublicAPPRelated.swift */ = {isa = PBXFileReference; lastKnownFileType = sourcecode.swift; path = PublicAPPRelated.swift; sourceTree = "<group>"; };
		63FBEE742091AAFA00BE6B81 /* LoginController.swift */ = {isa = PBXFileReference; lastKnownFileType = sourcecode.swift; path = LoginController.swift; sourceTree = "<group>"; };
		63FBEE772091AB5A00BE6B81 /* BaseViewController.swift */ = {isa = PBXFileReference; lastKnownFileType = sourcecode.swift; path = BaseViewController.swift; sourceTree = "<group>"; };
		BF7492EEEFB038440091AD75 /* Pods_DDJDStoreSwift.framework */ = {isa = PBXFileReference; explicitFileType = wrapper.framework; includeInIndex = 0; path = Pods_DDJDStoreSwift.framework; sourceTree = BUILT_PRODUCTS_DIR; };
/* End PBXFileReference section */

/* Begin PBXFrameworksBuildPhase section */
		63FBEE322091746B00BE6B81 /* Frameworks */ = {
			isa = PBXFrameworksBuildPhase;
			buildActionMask = 2147483647;
			files = (
				76CBF673A3FB8C81D82D8270 /* Pods_DDJDStoreSwift.framework in Frameworks */,
			);
			runOnlyForDeploymentPostprocessing = 0;
		};
		63FBEE492091746F00BE6B81 /* Frameworks */ = {
			isa = PBXFrameworksBuildPhase;
			buildActionMask = 2147483647;
			files = (
			);
			runOnlyForDeploymentPostprocessing = 0;
		};
		63FBEE542091746F00BE6B81 /* Frameworks */ = {
			isa = PBXFrameworksBuildPhase;
			buildActionMask = 2147483647;
			files = (
			);
			runOnlyForDeploymentPostprocessing = 0;
		};
/* End PBXFrameworksBuildPhase section */

/* Begin PBXGroup section */
		01D830AE5EA702E8F88FE610 /* Frameworks */ = {
			isa = PBXGroup;
			children = (
				BF7492EEEFB038440091AD75 /* Pods_DDJDStoreSwift.framework */,
			);
			name = Frameworks;
			sourceTree = "<group>";
		};
		17DECDC0869A78E9D598AB22 /* Pods */ = {
			isa = PBXGroup;
			children = (
				06D06206B3D20328945610B0 /* Pods-DDJDStoreSwift.debug.xcconfig */,
				0864E71D7B92CB100FA623EE /* Pods-DDJDStoreSwift.release.xcconfig */,
			);
			name = Pods;
			sourceTree = "<group>";
		};
		6333E7422092BFB900CEC3B7 /* Extension */ = {
			isa = PBXGroup;
			children = (
				6333E7432092C02B00CEC3B7 /* Color.swift */,
				6333E7452092C18E00CEC3B7 /* String.swift */,
				6333E74A2092D23200CEC3B7 /* UITextField.swift */,
				6333E74C2092EB1300CEC3B7 /* UIButton.swift */,
				6333E74E2093010C00CEC3B7 /* UIFont.swift */,
				6333E75020930C3300CEC3B7 /* UILabel.swift */,
				6341DB3720944E8A00AC267D /* UIView.swift */,
				63388BFB20C6392A006713AA /* NSObject.swift */,
			);
			path = Extension;
			sourceTree = "<group>";
		};
		6333E7472092C53E00CEC3B7 /* AppDelegate */ = {
			isa = PBXGroup;
			children = (
				63FBEE472091746F00BE6B81 /* Info.plist */,
				63FBEE382091746B00BE6B81 /* AppDelegate.swift */,
				6333E7482092C5EF00CEC3B7 /* SetUpApp.swift */,
			);
			path = AppDelegate;
			sourceTree = "<group>";
		};
		6341DB2E2094112B00AC267D /* Resource */ = {
			isa = PBXGroup;
			children = (
				63FBEE422091746F00BE6B81 /* Assets.xcassets */,
				63FBEE3C2091746C00BE6B81 /* Main.storyboard */,
				63FBEE442091746F00BE6B81 /* LaunchScreen.storyboard */,
				63FBEE3F2091746C00BE6B81 /* DDJDStoreSwift.xcdatamodeld */,
				63FBEE69209174F000BE6B81 /* DDJDStoreSwift-Bridging-Header.h */,
			);
			path = Resource;
			sourceTree = "<group>";
		};
		6341DB2F2094125D00AC267D /* Vender */ = {
			isa = PBXGroup;
			children = (
			);
			path = Vender;
			sourceTree = "<group>";
		};
		6341DB302094127300AC267D /* View */ = {
			isa = PBXGroup;
			children = (
			);
			path = View;
			sourceTree = "<group>";
		};
		6341DB312094129F00AC267D /* Model */ = {
			isa = PBXGroup;
			children = (
				6341DB322094183500AC267D /* StoreModel.swift */,
			);
			path = Model;
			sourceTree = "<group>";
		};
		6341DB3420941F1400AC267D /* NetworkRequest */ = {
			isa = PBXGroup;
			children = (
				6341DB3520941FB400AC267D /* LoginAndRegister.swift */,
			);
			path = NetworkRequest;
			sourceTree = "<group>";
		};
		6341DB3920945F8F00AC267D /* ViewModel */ = {
			isa = PBXGroup;
			children = (
				6341DB3C2094600200AC267D /* Login */,
				6341DB3A20945FAD00AC267D /* ViewModelType.swift */,
			);
			path = ViewModel;
			sourceTree = "<group>";
		};
		6341DB3C2094600200AC267D /* Login */ = {
			isa = PBXGroup;
			children = (
				6341DB3D2094602300AC267D /* LoginViewModel.swift */,
				63388BFE20C666B7006713AA /* LoginServer.swift */,
			);
			path = Login;
			sourceTree = "<group>";
		};
		6341DB3F209460D000AC267D /* Tool */ = {
			isa = PBXGroup;
			children = (
				6341DB40209460E900AC267D /* PHProgressHUD.swift */,
			);
			path = Tool;
			sourceTree = "<group>";
		};
		63FBEE2C2091746B00BE6B81 = {
			isa = PBXGroup;
			children = (
				63FBEE372091746B00BE6B81 /* DDJDStoreSwift */,
				63FBEE4F2091746F00BE6B81 /* DDJDStoreSwiftTests */,
				63FBEE5A2091746F00BE6B81 /* DDJDStoreSwiftUITests */,
				63FBEE362091746B00BE6B81 /* Products */,
				17DECDC0869A78E9D598AB22 /* Pods */,
				01D830AE5EA702E8F88FE610 /* Frameworks */,
			);
			sourceTree = "<group>";
		};
		63FBEE362091746B00BE6B81 /* Products */ = {
			isa = PBXGroup;
			children = (
				63FBEE352091746B00BE6B81 /* DDJDStoreSwift.app */,
				63FBEE4C2091746F00BE6B81 /* DDJDStoreSwiftTests.xctest */,
				63FBEE572091746F00BE6B81 /* DDJDStoreSwiftUITests.xctest */,
			);
			name = Products;
			sourceTree = "<group>";
		};
		63FBEE372091746B00BE6B81 /* DDJDStoreSwift */ = {
			isa = PBXGroup;
			children = (
				6341DB3920945F8F00AC267D /* ViewModel */,
				6341DB312094129F00AC267D /* Model */,
				6341DB302094127300AC267D /* View */,
				6341DB2F2094125D00AC267D /* Vender */,
				6341DB2E2094112B00AC267D /* Resource */,
				6333E7472092C53E00CEC3B7 /* AppDelegate */,
				63FBEE722091AABA00BE6B81 /* Controller */,
				63FBEE6F2091A29F00BE6B81 /* Common */,
				63FBEE6C209176FA00BE6B81 /* NetworkRequest */,
			);
			path = DDJDStoreSwift;
			sourceTree = "<group>";
		};
		63FBEE4F2091746F00BE6B81 /* DDJDStoreSwiftTests */ = {
			isa = PBXGroup;
			children = (
				63FBEE502091746F00BE6B81 /* DDJDStoreSwiftTests.swift */,
				63FBEE522091746F00BE6B81 /* Info.plist */,
			);
			path = DDJDStoreSwiftTests;
			sourceTree = "<group>";
		};
		63FBEE5A2091746F00BE6B81 /* DDJDStoreSwiftUITests */ = {
			isa = PBXGroup;
			children = (
				63FBEE5B2091746F00BE6B81 /* DDJDStoreSwiftUITests.swift */,
				63FBEE5D2091747000BE6B81 /* Info.plist */,
			);
			path = DDJDStoreSwiftUITests;
			sourceTree = "<group>";
		};
		63FBEE6C209176FA00BE6B81 /* NetworkRequest */ = {
			isa = PBXGroup;
			children = (
				6341DB3420941F1400AC267D /* NetworkRequest */,
				63FBEE6D209178CC00BE6B81 /* PHRequest.swift */,
			);
			path = NetworkRequest;
			sourceTree = "<group>";
		};
		63FBEE6F2091A29F00BE6B81 /* Common */ = {
			isa = PBXGroup;
			children = (
				6341DB3F209460D000AC267D /* Tool */,
				6333E7422092BFB900CEC3B7 /* Extension */,
				63FBEE762091AB3300BE6B81 /* BaseViewController */,
				63FBEE702091A35900BE6B81 /* PublicAPPRelated.swift */,
			);
			path = Common;
			sourceTree = "<group>";
		};
		63FBEE722091AABA00BE6B81 /* Controller */ = {
			isa = PBXGroup;
			children = (
				63FBEE732091AAE000BE6B81 /* Login */,
			);
			path = Controller;
			sourceTree = "<group>";
		};
		63FBEE732091AAE000BE6B81 /* Login */ = {
			isa = PBXGroup;
			children = (
				63FBEE742091AAFA00BE6B81 /* LoginController.swift */,
			);
			path = Login;
			sourceTree = "<group>";
		};
		63FBEE762091AB3300BE6B81 /* BaseViewController */ = {
			isa = PBXGroup;
			children = (
				63FBEE772091AB5A00BE6B81 /* BaseViewController.swift */,
			);
			path = BaseViewController;
			sourceTree = "<group>";
		};
/* End PBXGroup section */

/* Begin PBXNativeTarget section */
		63FBEE342091746B00BE6B81 /* DDJDStoreSwift */ = {
			isa = PBXNativeTarget;
			buildConfigurationList = 63FBEE602091747000BE6B81 /* Build configuration list for PBXNativeTarget "DDJDStoreSwift" */;
			buildPhases = (
				3EFA6EABAEDBF531C66E6864 /* [CP] Check Pods Manifest.lock */,
				63FBEE312091746B00BE6B81 /* Sources */,
				63FBEE322091746B00BE6B81 /* Frameworks */,
				63FBEE332091746B00BE6B81 /* Resources */,
				9A993884615BC4590356B5FF /* [CP] Embed Pods Frameworks */,
			);
			buildRules = (
			);
			dependencies = (
			);
			name = DDJDStoreSwift;
			productName = DDJDStoreSwift;
			productReference = 63FBEE352091746B00BE6B81 /* DDJDStoreSwift.app */;
			productType = "com.apple.product-type.application";
		};
		63FBEE4B2091746F00BE6B81 /* DDJDStoreSwiftTests */ = {
			isa = PBXNativeTarget;
			buildConfigurationList = 63FBEE632091747000BE6B81 /* Build configuration list for PBXNativeTarget "DDJDStoreSwiftTests" */;
			buildPhases = (
				63FBEE482091746F00BE6B81 /* Sources */,
				63FBEE492091746F00BE6B81 /* Frameworks */,
				63FBEE4A2091746F00BE6B81 /* Resources */,
			);
			buildRules = (
			);
			dependencies = (
				63FBEE4E2091746F00BE6B81 /* PBXTargetDependency */,
			);
			name = DDJDStoreSwiftTests;
			productName = DDJDStoreSwiftTests;
			productReference = 63FBEE4C2091746F00BE6B81 /* DDJDStoreSwiftTests.xctest */;
			productType = "com.apple.product-type.bundle.unit-test";
		};
		63FBEE562091746F00BE6B81 /* DDJDStoreSwiftUITests */ = {
			isa = PBXNativeTarget;
			buildConfigurationList = 63FBEE662091747000BE6B81 /* Build configuration list for PBXNativeTarget "DDJDStoreSwiftUITests" */;
			buildPhases = (
				63FBEE532091746F00BE6B81 /* Sources */,
				63FBEE542091746F00BE6B81 /* Frameworks */,
				63FBEE552091746F00BE6B81 /* Resources */,
			);
			buildRules = (
			);
			dependencies = (
				63FBEE592091746F00BE6B81 /* PBXTargetDependency */,
			);
			name = DDJDStoreSwiftUITests;
			productName = DDJDStoreSwiftUITests;
			productReference = 63FBEE572091746F00BE6B81 /* DDJDStoreSwiftUITests.xctest */;
			productType = "com.apple.product-type.bundle.ui-testing";
		};
/* End PBXNativeTarget section */

/* Begin PBXProject section */
		63FBEE2D2091746B00BE6B81 /* Project object */ = {
			isa = PBXProject;
			attributes = {
				LastSwiftUpdateCheck = 0930;
				LastUpgradeCheck = 0930;
				ORGANIZATIONNAME = zldd;
				TargetAttributes = {
					63FBEE342091746B00BE6B81 = {
						CreatedOnToolsVersion = 9.3;
						LastSwiftMigration = 0930;
					};
					63FBEE4B2091746F00BE6B81 = {
						CreatedOnToolsVersion = 9.3;
						TestTargetID = 63FBEE342091746B00BE6B81;
					};
					63FBEE562091746F00BE6B81 = {
						CreatedOnToolsVersion = 9.3;
						TestTargetID = 63FBEE342091746B00BE6B81;
					};
				};
			};
			buildConfigurationList = 63FBEE302091746B00BE6B81 /* Build configuration list for PBXProject "DDJDStoreSwift" */;
			compatibilityVersion = "Xcode 9.3";
			developmentRegion = en;
			hasScannedForEncodings = 0;
			knownRegions = (
				en,
				Base,
			);
			mainGroup = 63FBEE2C2091746B00BE6B81;
			productRefGroup = 63FBEE362091746B00BE6B81 /* Products */;
			projectDirPath = "";
			projectRoot = "";
			targets = (
				63FBEE342091746B00BE6B81 /* DDJDStoreSwift */,
				63FBEE4B2091746F00BE6B81 /* DDJDStoreSwiftTests */,
				63FBEE562091746F00BE6B81 /* DDJDStoreSwiftUITests */,
			);
		};
/* End PBXProject section */

/* Begin PBXResourcesBuildPhase section */
		63FBEE332091746B00BE6B81 /* Resources */ = {
			isa = PBXResourcesBuildPhase;
			buildActionMask = 2147483647;
			files = (
				63FBEE462091746F00BE6B81 /* LaunchScreen.storyboard in Resources */,
				63FBEE432091746F00BE6B81 /* Assets.xcassets in Resources */,
				63FBEE3E2091746C00BE6B81 /* Main.storyboard in Resources */,
			);
			runOnlyForDeploymentPostprocessing = 0;
		};
		63FBEE4A2091746F00BE6B81 /* Resources */ = {
			isa = PBXResourcesBuildPhase;
			buildActionMask = 2147483647;
			files = (
			);
			runOnlyForDeploymentPostprocessing = 0;
		};
		63FBEE552091746F00BE6B81 /* Resources */ = {
			isa = PBXResourcesBuildPhase;
			buildActionMask = 2147483647;
			files = (
			);
			runOnlyForDeploymentPostprocessing = 0;
		};
/* End PBXResourcesBuildPhase section */

/* Begin PBXShellScriptBuildPhase section */
		3EFA6EABAEDBF531C66E6864 /* [CP] Check Pods Manifest.lock */ = {
			isa = PBXShellScriptBuildPhase;
			buildActionMask = 2147483647;
			files = (
			);
			inputPaths = (
				"${PODS_PODFILE_DIR_PATH}/Podfile.lock",
				"${PODS_ROOT}/Manifest.lock",
			);
			name = "[CP] Check Pods Manifest.lock";
			outputPaths = (
				"$(DERIVED_FILE_DIR)/Pods-DDJDStoreSwift-checkManifestLockResult.txt",
			);
			runOnlyForDeploymentPostprocessing = 0;
			shellPath = /bin/sh;
			shellScript = "diff \"${PODS_PODFILE_DIR_PATH}/Podfile.lock\" \"${PODS_ROOT}/Manifest.lock\" > /dev/null\nif [ $? != 0 ] ; then\n    # print error to STDERR\n    echo \"error: The sandbox is not in sync with the Podfile.lock. Run 'pod install' or update your CocoaPods installation.\" >&2\n    exit 1\nfi\n# This output is used by Xcode 'outputs' to avoid re-running this script phase.\necho \"SUCCESS\" > \"${SCRIPT_OUTPUT_FILE_0}\"\n";
			showEnvVarsInLog = 0;
		};
		9A993884615BC4590356B5FF /* [CP] Embed Pods Frameworks */ = {
			isa = PBXShellScriptBuildPhase;
			buildActionMask = 2147483647;
			files = (
			);
			inputPaths = (
				"${SRCROOT}/Pods/Target Support Files/Pods-DDJDStoreSwift/Pods-DDJDStoreSwift-frameworks.sh",
				"${BUILT_PRODUCTS_DIR}/Alamofire/Alamofire.framework",
				"${BUILT_PRODUCTS_DIR}/Differentiator/Differentiator.framework",
				"${BUILT_PRODUCTS_DIR}/IQKeyboardManagerSwift/IQKeyboardManagerSwift.framework",
				"${BUILT_PRODUCTS_DIR}/MJRefresh/MJRefresh.framework",
				"${BUILT_PRODUCTS_DIR}/Moya/Moya.framework",
				"${BUILT_PRODUCTS_DIR}/ObjcExceptionBridging/ObjcExceptionBridging.framework",
				"${BUILT_PRODUCTS_DIR}/ObjectMapper/ObjectMapper.framework",
				"${BUILT_PRODUCTS_DIR}/Result/Result.framework",
				"${BUILT_PRODUCTS_DIR}/RxCocoa/RxCocoa.framework",
				"${BUILT_PRODUCTS_DIR}/RxDataSources/RxDataSources.framework",
				"${BUILT_PRODUCTS_DIR}/RxSwift/RxSwift.framework",
				"${BUILT_PRODUCTS_DIR}/SVProgressHUD/SVProgressHUD.framework",
				"${BUILT_PRODUCTS_DIR}/SnapKit/SnapKit.framework",
				"${BUILT_PRODUCTS_DIR}/SwiftyJSON/SwiftyJSON.framework",
				"${BUILT_PRODUCTS_DIR}/XCGLogger/XCGLogger.framework",
			);
			name = "[CP] Embed Pods Frameworks";
			outputPaths = (
				"${TARGET_BUILD_DIR}/${FRAMEWORKS_FOLDER_PATH}/Alamofire.framework",
				"${TARGET_BUILD_DIR}/${FRAMEWORKS_FOLDER_PATH}/Differentiator.framework",
				"${TARGET_BUILD_DIR}/${FRAMEWORKS_FOLDER_PATH}/IQKeyboardManagerSwift.framework",
				"${TARGET_BUILD_DIR}/${FRAMEWORKS_FOLDER_PATH}/MJRefresh.framework",
				"${TARGET_BUILD_DIR}/${FRAMEWORKS_FOLDER_PATH}/Moya.framework",
				"${TARGET_BUILD_DIR}/${FRAMEWORKS_FOLDER_PATH}/ObjcExceptionBridging.framework",
				"${TARGET_BUILD_DIR}/${FRAMEWORKS_FOLDER_PATH}/ObjectMapper.framework",
				"${TARGET_BUILD_DIR}/${FRAMEWORKS_FOLDER_PATH}/Result.framework",
				"${TARGET_BUILD_DIR}/${FRAMEWORKS_FOLDER_PATH}/RxCocoa.framework",
				"${TARGET_BUILD_DIR}/${FRAMEWORKS_FOLDER_PATH}/RxDataSources.framework",
				"${TARGET_BUILD_DIR}/${FRAMEWORKS_FOLDER_PATH}/RxSwift.framework",
				"${TARGET_BUILD_DIR}/${FRAMEWORKS_FOLDER_PATH}/SVProgressHUD.framework",
				"${TARGET_BUILD_DIR}/${FRAMEWORKS_FOLDER_PATH}/SnapKit.framework",
				"${TARGET_BUILD_DIR}/${FRAMEWORKS_FOLDER_PATH}/SwiftyJSON.framework",
				"${TARGET_BUILD_DIR}/${FRAMEWORKS_FOLDER_PATH}/XCGLogger.framework",
			);
			runOnlyForDeploymentPostprocessing = 0;
			shellPath = /bin/sh;
			shellScript = "\"${SRCROOT}/Pods/Target Support Files/Pods-DDJDStoreSwift/Pods-DDJDStoreSwift-frameworks.sh\"\n";
			showEnvVarsInLog = 0;
		};
/* End PBXShellScriptBuildPhase section */

/* Begin PBXSourcesBuildPhase section */
		63FBEE312091746B00BE6B81 /* Sources */ = {
			isa = PBXSourcesBuildPhase;
			buildActionMask = 2147483647;
			files = (
				6341DB3820944E8A00AC267D /* UIView.swift in Sources */,
				63FBEE412091746C00BE6B81 /* DDJDStoreSwift.xcdatamodeld in Sources */,
				63FBEE752091AAFA00BE6B81 /* LoginController.swift in Sources */,
				6333E75120930C3300CEC3B7 /* UILabel.swift in Sources */,
				63FBEE712091A35900BE6B81 /* PublicAPPRelated.swift in Sources */,
				6333E74B2092D23200CEC3B7 /* UITextField.swift in Sources */,
				6341DB41209460E900AC267D /* PHProgressHUD.swift in Sources */,
				6333E7492092C5EF00CEC3B7 /* SetUpApp.swift in Sources */,
				6333E7462092C18E00CEC3B7 /* String.swift in Sources */,
				6341DB3E2094602300AC267D /* LoginViewModel.swift in Sources */,
				63FBEE392091746B00BE6B81 /* AppDelegate.swift in Sources */,
				6333E7442092C02B00CEC3B7 /* Color.swift in Sources */,
				6341DB3B20945FAD00AC267D /* ViewModelType.swift in Sources */,
				6333E74F2093010C00CEC3B7 /* UIFont.swift in Sources */,
				63FBEE782091AB5A00BE6B81 /* BaseViewController.swift in Sources */,
				63388BFF20C666B7006713AA /* LoginServer.swift in Sources */,
				6341DB3620941FB400AC267D /* LoginAndRegister.swift in Sources */,
				63FBEE6E209178CC00BE6B81 /* PHRequest.swift in Sources */,
				63388BFC20C6392A006713AA /* NSObject.swift in Sources */,
				6333E74D2092EB1300CEC3B7 /* UIButton.swift in Sources */,
				6341DB332094183500AC267D /* StoreModel.swift in Sources */,
			);
			runOnlyForDeploymentPostprocessing = 0;
		};
		63FBEE482091746F00BE6B81 /* Sources */ = {
			isa = PBXSourcesBuildPhase;
			buildActionMask = 2147483647;
			files = (
				63FBEE512091746F00BE6B81 /* DDJDStoreSwiftTests.swift in Sources */,
			);
			runOnlyForDeploymentPostprocessing = 0;
		};
		63FBEE532091746F00BE6B81 /* Sources */ = {
			isa = PBXSourcesBuildPhase;
			buildActionMask = 2147483647;
			files = (
				63FBEE5C2091746F00BE6B81 /* DDJDStoreSwiftUITests.swift in Sources */,
			);
			runOnlyForDeploymentPostprocessing = 0;
		};
/* End PBXSourcesBuildPhase section */

/* Begin PBXTargetDependency section */
		63FBEE4E2091746F00BE6B81 /* PBXTargetDependency */ = {
			isa = PBXTargetDependency;
			target = 63FBEE342091746B00BE6B81 /* DDJDStoreSwift */;
			targetProxy = 63FBEE4D2091746F00BE6B81 /* PBXContainerItemProxy */;
		};
		63FBEE592091746F00BE6B81 /* PBXTargetDependency */ = {
			isa = PBXTargetDependency;
			target = 63FBEE342091746B00BE6B81 /* DDJDStoreSwift */;
			targetProxy = 63FBEE582091746F00BE6B81 /* PBXContainerItemProxy */;
		};
/* End PBXTargetDependency section */

/* Begin PBXVariantGroup section */
		63FBEE3C2091746C00BE6B81 /* Main.storyboard */ = {
			isa = PBXVariantGroup;
			children = (
				63FBEE3D2091746C00BE6B81 /* Base */,
			);
			name = Main.storyboard;
			sourceTree = "<group>";
		};
		63FBEE442091746F00BE6B81 /* LaunchScreen.storyboard */ = {
			isa = PBXVariantGroup;
			children = (
				63FBEE452091746F00BE6B81 /* Base */,
			);
			name = LaunchScreen.storyboard;
			sourceTree = "<group>";
		};
/* End PBXVariantGroup section */

/* Begin XCBuildConfiguration section */
		63FBEE5E2091747000BE6B81 /* Debug */ = {
			isa = XCBuildConfiguration;
			buildSettings = {
				ALWAYS_SEARCH_USER_PATHS = NO;
				CLANG_ANALYZER_NONNULL = YES;
				CLANG_ANALYZER_NUMBER_OBJECT_CONVERSION = YES_AGGRESSIVE;
				CLANG_CXX_LANGUAGE_STANDARD = "gnu++14";
				CLANG_CXX_LIBRARY = "libc++";
				CLANG_ENABLE_MODULES = YES;
				CLANG_ENABLE_OBJC_ARC = YES;
				CLANG_ENABLE_OBJC_WEAK = YES;
				CLANG_WARN_BLOCK_CAPTURE_AUTORELEASING = YES;
				CLANG_WARN_BOOL_CONVERSION = YES;
				CLANG_WARN_COMMA = YES;
				CLANG_WARN_CONSTANT_CONVERSION = YES;
				CLANG_WARN_DEPRECATED_OBJC_IMPLEMENTATIONS = YES;
				CLANG_WARN_DIRECT_OBJC_ISA_USAGE = YES_ERROR;
				CLANG_WARN_DOCUMENTATION_COMMENTS = YES;
				CLANG_WARN_EMPTY_BODY = YES;
				CLANG_WARN_ENUM_CONVERSION = YES;
				CLANG_WARN_INFINITE_RECURSION = YES;
				CLANG_WARN_INT_CONVERSION = YES;
				CLANG_WARN_NON_LITERAL_NULL_CONVERSION = YES;
				CLANG_WARN_OBJC_IMPLICIT_RETAIN_SELF = YES;
				CLANG_WARN_OBJC_LITERAL_CONVERSION = YES;
				CLANG_WARN_OBJC_ROOT_CLASS = YES_ERROR;
				CLANG_WARN_RANGE_LOOP_ANALYSIS = YES;
				CLANG_WARN_STRICT_PROTOTYPES = YES;
				CLANG_WARN_SUSPICIOUS_MOVE = YES;
				CLANG_WARN_UNGUARDED_AVAILABILITY = YES_AGGRESSIVE;
				CLANG_WARN_UNREACHABLE_CODE = YES;
				CLANG_WARN__DUPLICATE_METHOD_MATCH = YES;
				CODE_SIGN_IDENTITY = "iPhone Developer";
				COPY_PHASE_STRIP = NO;
				DEBUG_INFORMATION_FORMAT = dwarf;
				ENABLE_STRICT_OBJC_MSGSEND = YES;
				ENABLE_TESTABILITY = YES;
				GCC_C_LANGUAGE_STANDARD = gnu11;
				GCC_DYNAMIC_NO_PIC = NO;
				GCC_NO_COMMON_BLOCKS = YES;
				GCC_OPTIMIZATION_LEVEL = 0;
				GCC_PREPROCESSOR_DEFINITIONS = (
					"DEBUG=1",
					"$(inherited)",
				);
				GCC_WARN_64_TO_32_BIT_CONVERSION = YES;
				GCC_WARN_ABOUT_RETURN_TYPE = YES_ERROR;
				GCC_WARN_UNDECLARED_SELECTOR = YES;
				GCC_WARN_UNINITIALIZED_AUTOS = YES_AGGRESSIVE;
				GCC_WARN_UNUSED_FUNCTION = YES;
				GCC_WARN_UNUSED_VARIABLE = YES;
				IPHONEOS_DEPLOYMENT_TARGET = 11.3;
				MTL_ENABLE_DEBUG_INFO = YES;
				ONLY_ACTIVE_ARCH = YES;
				SDKROOT = iphoneos;
				SWIFT_ACTIVE_COMPILATION_CONDITIONS = DEBUG;
				SWIFT_OPTIMIZATION_LEVEL = "-Onone";
			};
			name = Debug;
		};
		63FBEE5F2091747000BE6B81 /* Release */ = {
			isa = XCBuildConfiguration;
			buildSettings = {
				ALWAYS_SEARCH_USER_PATHS = NO;
				CLANG_ANALYZER_NONNULL = YES;
				CLANG_ANALYZER_NUMBER_OBJECT_CONVERSION = YES_AGGRESSIVE;
				CLANG_CXX_LANGUAGE_STANDARD = "gnu++14";
				CLANG_CXX_LIBRARY = "libc++";
				CLANG_ENABLE_MODULES = YES;
				CLANG_ENABLE_OBJC_ARC = YES;
				CLANG_ENABLE_OBJC_WEAK = YES;
				CLANG_WARN_BLOCK_CAPTURE_AUTORELEASING = YES;
				CLANG_WARN_BOOL_CONVERSION = YES;
				CLANG_WARN_COMMA = YES;
				CLANG_WARN_CONSTANT_CONVERSION = YES;
				CLANG_WARN_DEPRECATED_OBJC_IMPLEMENTATIONS = YES;
				CLANG_WARN_DIRECT_OBJC_ISA_USAGE = YES_ERROR;
				CLANG_WARN_DOCUMENTATION_COMMENTS = YES;
				CLANG_WARN_EMPTY_BODY = YES;
				CLANG_WARN_ENUM_CONVERSION = YES;
				CLANG_WARN_INFINITE_RECURSION = YES;
				CLANG_WARN_INT_CONVERSION = YES;
				CLANG_WARN_NON_LITERAL_NULL_CONVERSION = YES;
				CLANG_WARN_OBJC_IMPLICIT_RETAIN_SELF = YES;
				CLANG_WARN_OBJC_LITERAL_CONVERSION = YES;
				CLANG_WARN_OBJC_ROOT_CLASS = YES_ERROR;
				CLANG_WARN_RANGE_LOOP_ANALYSIS = YES;
				CLANG_WARN_STRICT_PROTOTYPES = YES;
				CLANG_WARN_SUSPICIOUS_MOVE = YES;
				CLANG_WARN_UNGUARDED_AVAILABILITY = YES_AGGRESSIVE;
				CLANG_WARN_UNREACHABLE_CODE = YES;
				CLANG_WARN__DUPLICATE_METHOD_MATCH = YES;
				CODE_SIGN_IDENTITY = "iPhone Developer";
				COPY_PHASE_STRIP = NO;
				DEBUG_INFORMATION_FORMAT = "dwarf-with-dsym";
				ENABLE_NS_ASSERTIONS = NO;
				ENABLE_STRICT_OBJC_MSGSEND = YES;
				GCC_C_LANGUAGE_STANDARD = gnu11;
				GCC_NO_COMMON_BLOCKS = YES;
				GCC_WARN_64_TO_32_BIT_CONVERSION = YES;
				GCC_WARN_ABOUT_RETURN_TYPE = YES_ERROR;
				GCC_WARN_UNDECLARED_SELECTOR = YES;
				GCC_WARN_UNINITIALIZED_AUTOS = YES_AGGRESSIVE;
				GCC_WARN_UNUSED_FUNCTION = YES;
				GCC_WARN_UNUSED_VARIABLE = YES;
				IPHONEOS_DEPLOYMENT_TARGET = 11.3;
				MTL_ENABLE_DEBUG_INFO = NO;
				SDKROOT = iphoneos;
				SWIFT_COMPILATION_MODE = wholemodule;
				SWIFT_OPTIMIZATION_LEVEL = "-O";
				VALIDATE_PRODUCT = YES;
			};
			name = Release;
		};
		63FBEE612091747000BE6B81 /* Debug */ = {
			isa = XCBuildConfiguration;
			baseConfigurationReference = 06D06206B3D20328945610B0 /* Pods-DDJDStoreSwift.debug.xcconfig */;
			buildSettings = {
				ASSETCATALOG_COMPILER_APPICON_NAME = AppIcon;
				CLANG_ENABLE_MODULES = YES;
				CODE_SIGN_STYLE = Automatic;
				DEVELOPMENT_TEAM = 5A79UN6C3M;
				INFOPLIST_FILE = "$(SRCROOT)/DDJDStoreSwift/AppDelegate/Info.plist";
				IPHONEOS_DEPLOYMENT_TARGET = 8.0;
				LD_RUNPATH_SEARCH_PATHS = (
					"$(inherited)",
					"@executable_path/Frameworks",
				);
				PRODUCT_BUNDLE_IDENTIFIER = com.nmore.phddjdStore;
				PRODUCT_NAME = "$(TARGET_NAME)";
				SWIFT_OBJC_BRIDGING_HEADER = "DDJDStoreSwift/Resource/DDJDStoreSwift-Bridging-Header.h";
				SWIFT_OPTIMIZATION_LEVEL = "-Onone";
				SWIFT_VERSION = 4.0;
				TARGETED_DEVICE_FAMILY = 1;
			};
			name = Debug;
		};
		63FBEE622091747000BE6B81 /* Release */ = {
			isa = XCBuildConfiguration;
			baseConfigurationReference = 0864E71D7B92CB100FA623EE /* Pods-DDJDStoreSwift.release.xcconfig */;
			buildSettings = {
				ASSETCATALOG_COMPILER_APPICON_NAME = AppIcon;
				CLANG_ENABLE_MODULES = YES;
				CODE_SIGN_STYLE = Automatic;
				DEVELOPMENT_TEAM = 5A79UN6C3M;
				INFOPLIST_FILE = "$(SRCROOT)/DDJDStoreSwift/AppDelegate/Info.plist";
				IPHONEOS_DEPLOYMENT_TARGET = 8.0;
				LD_RUNPATH_SEARCH_PATHS = (
					"$(inherited)",
					"@executable_path/Frameworks",
				);
				PRODUCT_BUNDLE_IDENTIFIER = com.nmore.phddjdStore;
				PRODUCT_NAME = "$(TARGET_NAME)";
				SWIFT_OBJC_BRIDGING_HEADER = "DDJDStoreSwift/Resource/DDJDStoreSwift-Bridging-Header.h";
				SWIFT_VERSION = 4.0;
				TARGETED_DEVICE_FAMILY = 1;
			};
			name = Release;
		};
		63FBEE642091747000BE6B81 /* Debug */ = {
			isa = XCBuildConfiguration;
			buildSettings = {
				ALWAYS_EMBED_SWIFT_STANDARD_LIBRARIES = YES;
				BUNDLE_LOADER = "$(TEST_HOST)";
				CODE_SIGN_STYLE = Automatic;
				DEVELOPMENT_TEAM = 5A79UN6C3M;
				INFOPLIST_FILE = DDJDStoreSwiftTests/Info.plist;
				LD_RUNPATH_SEARCH_PATHS = (
					"$(inherited)",
					"@executable_path/Frameworks",
					"@loader_path/Frameworks",
				);
				PRODUCT_BUNDLE_IDENTIFIER = penghao.DDJDStoreSwiftTests;
				PRODUCT_NAME = "$(TARGET_NAME)";
				SWIFT_VERSION = 4.0;
				TARGETED_DEVICE_FAMILY = "1,2";
				TEST_HOST = "$(BUILT_PRODUCTS_DIR)/DDJDStoreSwift.app/DDJDStoreSwift";
			};
			name = Debug;
		};
		63FBEE652091747000BE6B81 /* Release */ = {
			isa = XCBuildConfiguration;
			buildSettings = {
				ALWAYS_EMBED_SWIFT_STANDARD_LIBRARIES = YES;
				BUNDLE_LOADER = "$(TEST_HOST)";
				CODE_SIGN_STYLE = Automatic;
				DEVELOPMENT_TEAM = 5A79UN6C3M;
				INFOPLIST_FILE = DDJDStoreSwiftTests/Info.plist;
				LD_RUNPATH_SEARCH_PATHS = (
					"$(inherited)",
					"@executable_path/Frameworks",
					"@loader_path/Frameworks",
				);
				PRODUCT_BUNDLE_IDENTIFIER = penghao.DDJDStoreSwiftTests;
				PRODUCT_NAME = "$(TARGET_NAME)";
				SWIFT_VERSION = 4.0;
				TARGETED_DEVICE_FAMILY = "1,2";
				TEST_HOST = "$(BUILT_PRODUCTS_DIR)/DDJDStoreSwift.app/DDJDStoreSwift";
			};
			name = Release;
		};
		63FBEE672091747000BE6B81 /* Debug */ = {
			isa = XCBuildConfiguration;
			buildSettings = {
				ALWAYS_EMBED_SWIFT_STANDARD_LIBRARIES = YES;
				CODE_SIGN_STYLE = Automatic;
				DEVELOPMENT_TEAM = 5A79UN6C3M;
				INFOPLIST_FILE = DDJDStoreSwiftUITests/Info.plist;
				LD_RUNPATH_SEARCH_PATHS = (
					"$(inherited)",
					"@executable_path/Frameworks",
					"@loader_path/Frameworks",
				);
				PRODUCT_BUNDLE_IDENTIFIER = penghao.DDJDStoreSwiftUITests;
				PRODUCT_NAME = "$(TARGET_NAME)";
				SWIFT_VERSION = 4.0;
				TARGETED_DEVICE_FAMILY = "1,2";
				TEST_TARGET_NAME = DDJDStoreSwift;
			};
			name = Debug;
		};
		63FBEE682091747000BE6B81 /* Release */ = {
			isa = XCBuildConfiguration;
			buildSettings = {
				ALWAYS_EMBED_SWIFT_STANDARD_LIBRARIES = YES;
				CODE_SIGN_STYLE = Automatic;
				DEVELOPMENT_TEAM = 5A79UN6C3M;
				INFOPLIST_FILE = DDJDStoreSwiftUITests/Info.plist;
				LD_RUNPATH_SEARCH_PATHS = (
					"$(inherited)",
					"@executable_path/Frameworks",
					"@loader_path/Frameworks",
				);
				PRODUCT_BUNDLE_IDENTIFIER = penghao.DDJDStoreSwiftUITests;
				PRODUCT_NAME = "$(TARGET_NAME)";
				SWIFT_VERSION = 4.0;
				TARGETED_DEVICE_FAMILY = "1,2";
				TEST_TARGET_NAME = DDJDStoreSwift;
			};
			name = Release;
		};
/* End XCBuildConfiguration section */

/* Begin XCConfigurationList section */
		63FBEE302091746B00BE6B81 /* Build configuration list for PBXProject "DDJDStoreSwift" */ = {
			isa = XCConfigurationList;
			buildConfigurations = (
				63FBEE5E2091747000BE6B81 /* Debug */,
				63FBEE5F2091747000BE6B81 /* Release */,
			);
			defaultConfigurationIsVisible = 0;
			defaultConfigurationName = Release;
		};
		63FBEE602091747000BE6B81 /* Build configuration list for PBXNativeTarget "DDJDStoreSwift" */ = {
			isa = XCConfigurationList;
			buildConfigurations = (
				63FBEE612091747000BE6B81 /* Debug */,
				63FBEE622091747000BE6B81 /* Release */,
			);
			defaultConfigurationIsVisible = 0;
			defaultConfigurationName = Release;
		};
		63FBEE632091747000BE6B81 /* Build configuration list for PBXNativeTarget "DDJDStoreSwiftTests" */ = {
			isa = XCConfigurationList;
			buildConfigurations = (
				63FBEE642091747000BE6B81 /* Debug */,
				63FBEE652091747000BE6B81 /* Release */,
			);
			defaultConfigurationIsVisible = 0;
			defaultConfigurationName = Release;
		};
		63FBEE662091747000BE6B81 /* Build configuration list for PBXNativeTarget "DDJDStoreSwiftUITests" */ = {
			isa = XCConfigurationList;
			buildConfigurations = (
				63FBEE672091747000BE6B81 /* Debug */,
				63FBEE682091747000BE6B81 /* Release */,
			);
			defaultConfigurationIsVisible = 0;
			defaultConfigurationName = Release;
		};
/* End XCConfigurationList section */

/* Begin XCVersionGroup section */
		63FBEE3F2091746C00BE6B81 /* DDJDStoreSwift.xcdatamodeld */ = {
			isa = XCVersionGroup;
			children = (
				63FBEE402091746C00BE6B81 /* DDJDStoreSwift.xcdatamodel */,
			);
			currentVersion = 63FBEE402091746C00BE6B81 /* DDJDStoreSwift.xcdatamodel */;
			path = DDJDStoreSwift.xcdatamodeld;
			sourceTree = "<group>";
			versionGroupType = wrapper.xcdatamodel;
		};
/* End XCVersionGroup section */
	};
	rootObject = 63FBEE2D2091746B00BE6B81 /* Project object */;
}
